{"format_version":"1.0","terraform_version":"1.1.3","variables":{"acr_name":{"value":"demotf001acr"},"cluster_name":{"value":"terraform-aks"},"kubernetes_version":{"value":"1.19.3"},"location":{"value":"West Europe"},"resource_group_name":{"value":"aks_terraform_rg"},"system_node_count":{"value":3}},"planned_values":{"outputs":{"acr_id":{"sensitive":false},"acr_login_server":{"sensitive":false},"aks_fqdn":{"sensitive":false},"aks_id":{"sensitive":false},"aks_node_rg":{"sensitive":false}},"root_module":{"resources":[{"address":"azurerm_container_registry.acr","mode":"managed","type":"azurerm_container_registry","name":"acr","provider_name":"registry.terraform.io/hashicorp/azurerm","schema_version":2,"values":{"admin_enabled":false,"location":"westeurope","name":"demotf001acr","public_network_access_enabled":true,"quarantine_policy_enabled":null,"resource_group_name":"aks_terraform_rg","sku":"Standard","storage_account_id":null,"tags":null,"timeouts":null,"zone_redundancy_enabled":false},"sensitive_values":{"encryption":[],"georeplication_locations":[],"georeplications":[],"identity":[],"network_rule_set":[],"retention_policy":[],"trust_policy":[]}},{"address":"azurerm_kubernetes_cluster.aks","mode":"managed","type":"azurerm_kubernetes_cluster","name":"aks","provider_name":"registry.terraform.io/hashicorp/azurerm","schema_version":0,"values":{"api_server_authorized_ip_ranges":null,"automatic_channel_upgrade":null,"default_node_pool":[{"availability_zones":["1","2","3"],"enable_auto_scaling":false,"enable_host_encryption":null,"enable_node_public_ip":null,"fips_enabled":null,"kubelet_config":[],"linux_os_config":[],"max_count":null,"min_count":null,"name":"system","node_count":3,"node_public_ip_prefix_id":null,"node_taints":null,"only_critical_addons_enabled":null,"os_disk_type":"Managed","pod_subnet_id":null,"proximity_placement_group_id":null,"tags":null,"type":"VirtualMachineScaleSets","ultra_ssd_enabled":false,"upgrade_settings":[],"vm_size":"Standard_DS2_v2","vnet_subnet_id":null}],"disk_encryption_set_id":null,"dns_prefix":"terraform-aks","dns_prefix_private_cluster":null,"enable_pod_security_policy":null,"identity":[{"type":"SystemAssigned","user_assigned_identity_id":null}],"kubernetes_version":"1.19.3","linux_profile":[],"local_account_disabled":null,"location":"westeurope","maintenance_window":[],"name":"terraform-aks","network_profile":[{"load_balancer_sku":"Standard","network_plugin":"kubenet","outbound_type":"loadBalancer"}],"private_cluster_public_fqdn_enabled":false,"resource_group_name":"aks_terraform_rg","service_principal":[],"sku_tier":"Free","tags":null,"timeouts":null},"sensitive_values":{"addon_profile":[],"auto_scaler_profile":[],"default_node_pool":[{"availability_zones":[false,false,false],"kubelet_config":[],"linux_os_config":[],"node_labels":{},"upgrade_settings":[]}],"identity":[{}],"kube_admin_config":[],"kube_config":[],"kubelet_identity":[],"linux_profile":[],"maintenance_window":[],"network_profile":[{"load_balancer_profile":[]}],"role_based_access_control":[],"service_principal":[],"windows_profile":[]}},{"address":"azurerm_resource_group.rg","mode":"managed","type":"azurerm_resource_group","name":"rg","provider_name":"registry.terraform.io/hashicorp/azurerm","schema_version":0,"values":{"location":"westeurope","name":"aks_terraform_rg","tags":null,"timeouts":null},"sensitive_values":{}},{"address":"azurerm_role_assignment.role_acrpull","mode":"managed","type":"azurerm_role_assignment","name":"role_acrpull","provider_name":"registry.terraform.io/hashicorp/azurerm","schema_version":0,"values":{"condition":null,"condition_version":null,"delegated_managed_identity_resource_id":null,"description":null,"role_definition_name":"AcrPull","skip_service_principal_aad_check":true,"timeouts":null},"sensitive_values":{}}]}},"resource_changes":[{"address":"azurerm_container_registry.acr","mode":"managed","type":"azurerm_container_registry","name":"acr","provider_name":"registry.terraform.io/hashicorp/azurerm","change":{"actions":["create"],"before":null,"after":{"admin_enabled":false,"location":"westeurope","name":"demotf001acr","public_network_access_enabled":true,"quarantine_policy_enabled":null,"resource_group_name":"aks_terraform_rg","sku":"Standard","storage_account_id":null,"tags":null,"timeouts":null,"zone_redundancy_enabled":false},"after_unknown":{"admin_password":true,"admin_username":true,"encryption":true,"georeplication_locations":true,"georeplications":true,"id":true,"identity":true,"login_server":true,"network_rule_set":true,"retention_policy":true,"trust_policy":true},"before_sensitive":false,"after_sensitive":{"admin_password":true,"encryption":[],"georeplication_locations":[],"georeplications":[],"identity":[],"network_rule_set":[],"retention_policy":[],"trust_policy":[]}}},{"address":"azurerm_kubernetes_cluster.aks","mode":"managed","type":"azurerm_kubernetes_cluster","name":"aks","provider_name":"registry.terraform.io/hashicorp/azurerm","change":{"actions":["create"],"before":null,"after":{"api_server_authorized_ip_ranges":null,"automatic_channel_upgrade":null,"default_node_pool":[{"availability_zones":["1","2","3"],"enable_auto_scaling":false,"enable_host_encryption":null,"enable_node_public_ip":null,"fips_enabled":null,"kubelet_config":[],"linux_os_config":[],"max_count":null,"min_count":null,"name":"system","node_count":3,"node_public_ip_prefix_id":null,"node_taints":null,"only_critical_addons_enabled":null,"os_disk_type":"Managed","pod_subnet_id":null,"proximity_placement_group_id":null,"tags":null,"type":"VirtualMachineScaleSets","ultra_ssd_enabled":false,"upgrade_settings":[],"vm_size":"Standard_DS2_v2","vnet_subnet_id":null}],"disk_encryption_set_id":null,"dns_prefix":"terraform-aks","dns_prefix_private_cluster":null,"enable_pod_security_policy":null,"identity":[{"type":"SystemAssigned","user_assigned_identity_id":null}],"kubernetes_version":"1.19.3","linux_profile":[],"local_account_disabled":null,"location":"westeurope","maintenance_window":[],"name":"terraform-aks","network_profile":[{"load_balancer_sku":"Standard","network_plugin":"kubenet","outbound_type":"loadBalancer"}],"private_cluster_public_fqdn_enabled":false,"resource_group_name":"aks_terraform_rg","service_principal":[],"sku_tier":"Free","tags":null,"timeouts":null},"after_unknown":{"addon_profile":true,"auto_scaler_profile":true,"default_node_pool":[{"availability_zones":[false,false,false],"kubelet_config":[],"kubelet_disk_type":true,"linux_os_config":[],"max_pods":true,"node_labels":true,"orchestrator_version":true,"os_disk_size_gb":true,"os_sku":true,"upgrade_settings":[]}],"fqdn":true,"id":true,"identity":[{"principal_id":true,"tenant_id":true}],"kube_admin_config":true,"kube_admin_config_raw":true,"kube_config":true,"kube_config_raw":true,"kubelet_identity":true,"linux_profile":[],"maintenance_window":[],"network_profile":[{"dns_service_ip":true,"docker_bridge_cidr":true,"load_balancer_profile":true,"network_mode":true,"network_policy":true,"pod_cidr":true,"service_cidr":true}],"node_resource_group":true,"private_cluster_enabled":true,"private_dns_zone_id":true,"private_fqdn":true,"private_link_enabled":true,"role_based_access_control":true,"service_principal":[],"windows_profile":true},"before_sensitive":false,"after_sensitive":{"addon_profile":[],"auto_scaler_profile":[],"default_node_pool":[{"availability_zones":[false,false,false],"kubelet_config":[],"linux_os_config":[],"node_labels":{},"upgrade_settings":[]}],"identity":[{}],"kube_admin_config":[],"kube_admin_config_raw":true,"kube_config":[],"kube_config_raw":true,"kubelet_identity":[],"linux_profile":[],"maintenance_window":[],"network_profile":[{"load_balancer_profile":[]}],"role_based_access_control":[],"service_principal":[],"windows_profile":[]}}},{"address":"azurerm_resource_group.rg","mode":"managed","type":"azurerm_resource_group","name":"rg","provider_name":"registry.terraform.io/hashicorp/azurerm","change":{"actions":["create"],"before":null,"after":{"location":"westeurope","name":"aks_terraform_rg","tags":null,"timeouts":null},"after_unknown":{"id":true},"before_sensitive":false,"after_sensitive":{}}},{"address":"azurerm_role_assignment.role_acrpull","mode":"managed","type":"azurerm_role_assignment","name":"role_acrpull","provider_name":"registry.terraform.io/hashicorp/azurerm","change":{"actions":["create"],"before":null,"after":{"condition":null,"condition_version":null,"delegated_managed_identity_resource_id":null,"description":null,"role_definition_name":"AcrPull","skip_service_principal_aad_check":true,"timeouts":null},"after_unknown":{"id":true,"name":true,"principal_id":true,"principal_type":true,"role_definition_id":true,"scope":true},"before_sensitive":false,"after_sensitive":{}}}],"output_changes":{"acr_id":{"actions":["create"],"before":null,"after_unknown":true,"before_sensitive":false,"after_sensitive":false},"acr_login_server":{"actions":["create"],"before":null,"after_unknown":true,"before_sensitive":false,"after_sensitive":false},"aks_fqdn":{"actions":["create"],"before":null,"after_unknown":true,"before_sensitive":false,"after_sensitive":false},"aks_id":{"actions":["create"],"before":null,"after_unknown":true,"before_sensitive":false,"after_sensitive":false},"aks_node_rg":{"actions":["create"],"before":null,"after_unknown":true,"before_sensitive":false,"after_sensitive":false}},"configuration":{"provider_config":{"azurerm":{"name":"azurerm","version_constraint":"2.78.0","expressions":{"features":[{}]}}},"root_module":{"outputs":{"acr_id":{"expression":{"references":["azurerm_container_registry.acr.id","azurerm_container_registry.acr"]}},"acr_login_server":{"expression":{"references":["azurerm_container_registry.acr.login_server","azurerm_container_registry.acr"]}},"aks_fqdn":{"expression":{"references":["azurerm_kubernetes_cluster.aks.fqdn","azurerm_kubernetes_cluster.aks"]}},"aks_id":{"expression":{"references":["azurerm_kubernetes_cluster.aks.id","azurerm_kubernetes_cluster.aks"]}},"aks_node_rg":{"expression":{"references":["azurerm_kubernetes_cluster.aks.node_resource_group","azurerm_kubernetes_cluster.aks"]}}},"resources":[{"address":"azurerm_container_registry.acr","mode":"managed","type":"azurerm_container_registry","name":"acr","provider_config_key":"azurerm","expressions":{"admin_enabled":{"constant_value":false},"location":{"references":["var.location"]},"name":{"references":["var.acr_name"]},"resource_group_name":{"references":["azurerm_resource_group.rg.name","azurerm_resource_group.rg"]},"sku":{"constant_value":"Standard"}},"schema_version":2},{"address":"azurerm_kubernetes_cluster.aks","mode":"managed","type":"azurerm_kubernetes_cluster","name":"aks","provider_config_key":"azurerm","expressions":{"default_node_pool":[{"availability_zones":{"constant_value":[1,2,3]},"enable_auto_scaling":{"constant_value":false},"name":{"constant_value":"system"},"node_count":{"references":["var.system_node_count"]},"type":{"constant_value":"VirtualMachineScaleSets"},"vm_size":{"constant_value":"Standard_DS2_v2"}}],"dns_prefix":{"references":["var.cluster_name"]},"identity":[{"type":{"constant_value":"SystemAssigned"}}],"kubernetes_version":{"references":["var.kubernetes_version"]},"location":{"references":["var.location"]},"name":{"references":["var.cluster_name"]},"network_profile":[{"load_balancer_sku":{"constant_value":"Standard"},"network_plugin":{"constant_value":"kubenet"}}],"resource_group_name":{"references":["azurerm_resource_group.rg.name","azurerm_resource_group.rg"]}},"schema_version":0},{"address":"azurerm_resource_group.rg","mode":"managed","type":"azurerm_resource_group","name":"rg","provider_config_key":"azurerm","expressions":{"location":{"references":["var.location"]},"name":{"references":["var.resource_group_name"]}},"schema_version":0},{"address":"azurerm_role_assignment.role_acrpull","mode":"managed","type":"azurerm_role_assignment","name":"role_acrpull","provider_config_key":"azurerm","expressions":{"principal_id":{"references":["azurerm_kubernetes_cluster.aks.kubelet_identity[0].object_id","azurerm_kubernetes_cluster.aks.kubelet_identity[0]","azurerm_kubernetes_cluster.aks.kubelet_identity","azurerm_kubernetes_cluster.aks"]},"role_definition_name":{"constant_value":"AcrPull"},"scope":{"references":["azurerm_container_registry.acr.id","azurerm_container_registry.acr"]},"skip_service_principal_aad_check":{"constant_value":true}},"schema_version":0}],"variables":{"acr_name":{"description":"ACR name"},"cluster_name":{"description":"AKS name in Azure"},"kubernetes_version":{"description":"Kubernetes version"},"location":{"description":"Resources location in Azure"},"resource_group_name":{"description":"RG name in Azure"},"system_node_count":{"description":"Number of AKS worker nodes"}}}}}
